// !$*UTF8*$!
{
	archiveVersion = 1;
	classes = {
	};
	objectVersion = 56;
	objects = {

/* Begin PBXBuildFile section */
		259A332E2BBBE46800E7C9FF /* main.cpp in Sources */ = {isa = PBXBuildFile; fileRef = 259A332D2BBBE46800E7C9FF /* main.cpp */; };
		259A33372BBBE58200E7C9FF /* test.cpp in Sources */ = {isa = PBXBuildFile; fileRef = 259A33352BBBE58200E7C9FF /* test.cpp */; };
		25A740192BF4677000DA0BCC /* ds_Calculator.cpp in Sources */ = {isa = PBXBuildFile; fileRef = 25A740172BF4677000DA0BCC /* ds_Calculator.cpp */; };
		25F21C802BBD0A360061E3DD /* preliminaries.cpp in Sources */ = {isa = PBXBuildFile; fileRef = 25F21C7E2BBD0A360061E3DD /* preliminaries.cpp */; };
/* End PBXBuildFile section */

/* Begin PBXCopyFilesBuildPhase section */
		259A33282BBBE46800E7C9FF /* CopyFiles */ = {
			isa = PBXCopyFilesBuildPhase;
			buildActionMask = 2147483647;
			dstPath = /usr/share/man/man1/;
			dstSubfolderSpec = 0;
			files = (
			);
			runOnlyForDeploymentPostprocessing = 1;
		};
/* End PBXCopyFilesBuildPhase section */

/* Begin PBXFileReference section */
		254BD1EF2BD7988C00E3A0C4 /* ds_b_tree.h */ = {isa = PBXFileReference; lastKnownFileType = sourcecode.c.h; path = ds_b_tree.h; sourceTree = "<group>"; };
		254BD1F02BD7C2E200E3A0C4 /* ds_binary_tree.h */ = {isa = PBXFileReference; lastKnownFileType = sourcecode.c.h; path = ds_binary_tree.h; sourceTree = "<group>"; };
		254BD1F12BDA543E00E3A0C4 /* ds_heap.h */ = {isa = PBXFileReference; lastKnownFileType = sourcecode.c.h; path = ds_heap.h; sourceTree = "<group>"; };
		254BD28E2BF3AD7800E3A0C4 /* ds_tree.h */ = {isa = PBXFileReference; lastKnownFileType = sourcecode.c.h; path = ds_tree.h; sourceTree = "<group>"; };
		259A332A2BBBE46800E7C9FF /* data_structures_stl */ = {isa = PBXFileReference; explicitFileType = "compiled.mach-o.executable"; includeInIndex = 0; path = data_structures_stl; sourceTree = BUILT_PRODUCTS_DIR; };
		259A332D2BBBE46800E7C9FF /* main.cpp */ = {isa = PBXFileReference; lastKnownFileType = sourcecode.cpp.cpp; path = main.cpp; sourceTree = "<group>"; };
		259A33342BBBE49200E7C9FF /* ds_vector.h */ = {isa = PBXFileReference; lastKnownFileType = sourcecode.c.h; path = ds_vector.h; sourceTree = "<group>"; };
		259A33352BBBE58200E7C9FF /* test.cpp */ = {isa = PBXFileReference; lastKnownFileType = sourcecode.cpp.cpp; path = test.cpp; sourceTree = "<group>"; };
		259A33362BBBE58200E7C9FF /* test.hpp */ = {isa = PBXFileReference; lastKnownFileType = sourcecode.cpp.h; path = test.hpp; sourceTree = "<group>"; };
		25A740172BF4677000DA0BCC /* ds_Calculator.cpp */ = {isa = PBXFileReference; lastKnownFileType = sourcecode.cpp.cpp; path = ds_Calculator.cpp; sourceTree = "<group>"; };
		25A740182BF4677000DA0BCC /* ds_Calculator.hpp */ = {isa = PBXFileReference; lastKnownFileType = sourcecode.cpp.h; path = ds_Calculator.hpp; sourceTree = "<group>"; };
		25A7401A2BF5E64A00DA0BCC /* ds_graph.h */ = {isa = PBXFileReference; lastKnownFileType = sourcecode.c.h; path = ds_graph.h; sourceTree = "<group>"; };
		25A7401B2BFC7D7200DA0BCC /* ds_algorithms.h */ = {isa = PBXFileReference; lastKnownFileType = sourcecode.c.h; path = ds_algorithms.h; sourceTree = "<group>"; };
		25F21C7E2BBD0A360061E3DD /* preliminaries.cpp */ = {isa = PBXFileReference; lastKnownFileType = sourcecode.cpp.cpp; path = preliminaries.cpp; sourceTree = "<group>"; };
		25F21C7F2BBD0A360061E3DD /* preliminaries.hpp */ = {isa = PBXFileReference; lastKnownFileType = sourcecode.cpp.h; path = preliminaries.hpp; sourceTree = "<group>"; };
		25F21C812BC005420061E3DD /* ds_forward_list.h */ = {isa = PBXFileReference; lastKnownFileType = sourcecode.c.h; path = ds_forward_list.h; sourceTree = "<group>"; };
		25F21C822BC173BD0061E3DD /* ds_list.h */ = {isa = PBXFileReference; lastKnownFileType = sourcecode.c.h; path = ds_list.h; sourceTree = "<group>"; };
		25F290E42BC4243000AD8218 /* ds_stack.h */ = {isa = PBXFileReference; lastKnownFileType = sourcecode.c.h; path = ds_stack.h; sourceTree = "<group>"; };
		25F290E52BC427A900AD8218 /* ds_queue.h */ = {isa = PBXFileReference; lastKnownFileType = sourcecode.c.h; path = ds_queue.h; sourceTree = "<group>"; };
/* End PBXFileReference section */

/* Begin PBXFrameworksBuildPhase section */
		259A33272BBBE46800E7C9FF /* Frameworks */ = {
			isa = PBXFrameworksBuildPhase;
			buildActionMask = 2147483647;
			files = (
			);
			runOnlyForDeploymentPostprocessing = 0;
		};
/* End PBXFrameworksBuildPhase section */

/* Begin PBXGroup section */
		259A33212BBBE46800E7C9FF = {
			isa = PBXGroup;
			children = (
				259A332C2BBBE46800E7C9FF /* data_structures_stl */,
				259A332B2BBBE46800E7C9FF /* Products */,
			);
			sourceTree = "<group>";
		};
		259A332B2BBBE46800E7C9FF /* Products */ = {
			isa = PBXGroup;
			children = (
				259A332A2BBBE46800E7C9FF /* data_structures_stl */,
			);
			name = Products;
			sourceTree = "<group>";
		};
		259A332C2BBBE46800E7C9FF /* data_structures_stl */ = {
			isa = PBXGroup;
			children = (
				259A332D2BBBE46800E7C9FF /* main.cpp */,
				259A33352BBBE58200E7C9FF /* test.cpp */,
				25A7401A2BF5E64A00DA0BCC /* ds_graph.h */,
				25A7401B2BFC7D7200DA0BCC /* ds_algorithms.h */,
				259A33362BBBE58200E7C9FF /* test.hpp */,
				25F21C7E2BBD0A360061E3DD /* preliminaries.cpp */,
				25F21C7F2BBD0A360061E3DD /* preliminaries.hpp */,
				259A33342BBBE49200E7C9FF /* ds_vector.h */,
				25F21C812BC005420061E3DD /* ds_forward_list.h */,
				25F21C822BC173BD0061E3DD /* ds_list.h */,
				254BD1EF2BD7988C00E3A0C4 /* ds_b_tree.h */,
				25F290E42BC4243000AD8218 /* ds_stack.h */,
				254BD1F02BD7C2E200E3A0C4 /* ds_binary_tree.h */,
				254BD1F12BDA543E00E3A0C4 /* ds_heap.h */,
				254BD28E2BF3AD7800E3A0C4 /* ds_tree.h */,
				25A740172BF4677000DA0BCC /* ds_Calculator.cpp */,
				25A740182BF4677000DA0BCC /* ds_Calculator.hpp */,
				25F290E52BC427A900AD8218 /* ds_queue.h */,
			);
			path = data_structures_stl;
			sourceTree = "<group>";
		};
/* End PBXGroup section */

/* Begin PBXNativeTarget section */
		259A33292BBBE46800E7C9FF /* data_structures_stl */ = {
			isa = PBXNativeTarget;
			buildConfigurationList = 259A33312BBBE46800E7C9FF /* Build configuration list for PBXNativeTarget "data_structures_stl" */;
			buildPhases = (
				259A33262BBBE46800E7C9FF /* Sources */,
				259A33272BBBE46800E7C9FF /* Frameworks */,
				259A33282BBBE46800E7C9FF /* CopyFiles */,
			);
			buildRules = (
			);
			dependencies = (
			);
			name = data_structures_stl;
			productName = data_structures_stl;
			productReference = 259A332A2BBBE46800E7C9FF /* data_structures_stl */;
			productType = "com.apple.product-type.tool";
		};
/* End PBXNativeTarget section */

/* Begin PBXProject section */
		259A33222BBBE46800E7C9FF /* Project object */ = {
			isa = PBXProject;
			attributes = {
				BuildIndependentTargetsInParallel = 1;
				LastUpgradeCheck = 1540;
				TargetAttributes = {
					259A33292BBBE46800E7C9FF = {
						CreatedOnToolsVersion = 15.3;
					};
				};
			};
			buildConfigurationList = 259A33252BBBE46800E7C9FF /* Build configuration list for PBXProject "data_structures_stl" */;
			compatibilityVersion = "Xcode 14.0";
			developmentRegion = en;
			hasScannedForEncodings = 0;
			knownRegions = (
				en,
				Base,
			);
			mainGroup = 259A33212BBBE46800E7C9FF;
			productRefGroup = 259A332B2BBBE46800E7C9FF /* Products */;
			projectDirPath = "";
			projectRoot = "";
			targets = (
				259A33292BBBE46800E7C9FF /* data_structures_stl */,
			);
		};
/* End PBXProject section */

/* Begin PBXSourcesBuildPhase section */
		259A33262BBBE46800E7C9FF /* Sources */ = {
			isa = PBXSourcesBuildPhase;
			buildActionMask = 2147483647;
			files = (
				25F21C802BBD0A360061E3DD /* preliminaries.cpp in Sources */,
				25A740192BF4677000DA0BCC /* ds_Calculator.cpp in Sources */,
				259A332E2BBBE46800E7C9FF /* main.cpp in Sources */,
				259A33372BBBE58200E7C9FF /* test.cpp in Sources */,
			);
			runOnlyForDeploymentPostprocessing = 0;
		};
/* End PBXSourcesBuildPhase section */

/* Begin XCBuildConfiguration section */
		259A332F2BBBE46800E7C9FF /* Debug */ = {
			isa = XCBuildConfiguration;
			buildSettings = {
				ALWAYS_SEARCH_USER_PATHS = NO;
				ASSETCATALOG_COMPILER_GENERATE_SWIFT_ASSET_SYMBOL_EXTENSIONS = YES;
				CLANG_ANALYZER_NONNULL = YES;
				CLANG_ANALYZER_NUMBER_OBJECT_CONVERSION = YES_AGGRESSIVE;
				CLANG_CXX_LANGUAGE_STANDARD = "gnu++20";
				CLANG_ENABLE_MODULES = YES;
				CLANG_ENABLE_OBJC_ARC = YES;
				CLANG_ENABLE_OBJC_WEAK = YES;
				CLANG_WARN_BLOCK_CAPTURE_AUTORELEASING = YES;
				CLANG_WARN_BOOL_CONVERSION = YES;
				CLANG_WARN_COMMA = YES;
				CLANG_WARN_CONSTANT_CONVERSION = YES;
				CLANG_WARN_DEPRECATED_OBJC_IMPLEMENTATIONS = YES;
				CLANG_WARN_DIRECT_OBJC_ISA_USAGE = YES_ERROR;
				CLANG_WARN_DOCUMENTATION_COMMENTS = YES;
				CLANG_WARN_EMPTY_BODY = YES;
				CLANG_WARN_ENUM_CONVERSION = YES;
				CLANG_WARN_INFINITE_RECURSION = YES;
				CLANG_WARN_INT_CONVERSION = YES;
				CLANG_WARN_NON_LITERAL_NULL_CONVERSION = YES;
				CLANG_WARN_OBJC_IMPLICIT_RETAIN_SELF = YES;
				CLANG_WARN_OBJC_LITERAL_CONVERSION = YES;
				CLANG_WARN_OBJC_ROOT_CLASS = YES_ERROR;
				CLANG_WARN_QUOTED_INCLUDE_IN_FRAMEWORK_HEADER = YES;
				CLANG_WARN_RANGE_LOOP_ANALYSIS = YES;
				CLANG_WARN_STRICT_PROTOTYPES = YES;
				CLANG_WARN_SUSPICIOUS_MOVE = YES;
				CLANG_WARN_UNGUARDED_AVAILABILITY = YES_AGGRESSIVE;
				CLANG_WARN_UNREACHABLE_CODE = YES;
				CLANG_WARN__DUPLICATE_METHOD_MATCH = YES;
				COPY_PHASE_STRIP = NO;
				DEAD_CODE_STRIPPING = YES;
				DEBUG_INFORMATION_FORMAT = dwarf;
				ENABLE_STRICT_OBJC_MSGSEND = YES;
				ENABLE_TESTABILITY = YES;
				ENABLE_USER_SCRIPT_SANDBOXING = YES;
				GCC_C_LANGUAGE_STANDARD = gnu17;
				GCC_DYNAMIC_NO_PIC = NO;
				GCC_NO_COMMON_BLOCKS = YES;
				GCC_OPTIMIZATION_LEVEL = 0;
				GCC_PREPROCESSOR_DEFINITIONS = (
					"DEBUG=1",
					"$(inherited)",
				);
				GCC_WARN_64_TO_32_BIT_CONVERSION = YES;
				GCC_WARN_ABOUT_RETURN_TYPE = YES_ERROR;
				GCC_WARN_UNDECLARED_SELECTOR = YES;
				GCC_WARN_UNINITIALIZED_AUTOS = YES_AGGRESSIVE;
				GCC_WARN_UNUSED_FUNCTION = YES;
				GCC_WARN_UNUSED_VARIABLE = YES;
				LOCALIZATION_PREFERS_STRING_CATALOGS = YES;
				MACOSX_DEPLOYMENT_TARGET = 14.2;
				MTL_ENABLE_DEBUG_INFO = INCLUDE_SOURCE;
				MTL_FAST_MATH = YES;
				ONLY_ACTIVE_ARCH = YES;
				SDKROOT = macosx;
			};
			name = Debug;
		};
		259A33302BBBE46800E7C9FF /* Release */ = {
			isa = XCBuildConfiguration;
			buildSettings = {
				ALWAYS_SEARCH_USER_PATHS = NO;
				ASSETCATALOG_COMPILER_GENERATE_SWIFT_ASSET_SYMBOL_EXTENSIONS = YES;
				CLANG_ANALYZER_NONNULL = YES;
				CLANG_ANALYZER_NUMBER_OBJECT_CONVERSION = YES_AGGRESSIVE;
				CLANG_CXX_LANGUAGE_STANDARD = "gnu++20";
				CLANG_ENABLE_MODULES = YES;
				CLANG_ENABLE_OBJC_ARC = YES;
				CLANG_ENABLE_OBJC_WEAK = YES;
				CLANG_WARN_BLOCK_CAPTURE_AUTORELEASING = YES;
				CLANG_WARN_BOOL_CONVERSION = YES;
				CLANG_WARN_COMMA = YES;
				CLANG_WARN_CONSTANT_CONVERSION = YES;
				CLANG_WARN_DEPRECATED_OBJC_IMPLEMENTATIONS = YES;
				CLANG_WARN_DIRECT_OBJC_ISA_USAGE = YES_ERROR;
				CLANG_WARN_DOCUMENTATION_COMMENTS = YES;
				CLANG_WARN_EMPTY_BODY = YES;
				CLANG_WARN_ENUM_CONVERSION = YES;
				CLANG_WARN_INFINITE_RECURSION = YES;
				CLANG_WARN_INT_CONVERSION = YES;
				CLANG_WARN_NON_LITERAL_NULL_CONVERSION = YES;
				CLANG_WARN_OBJC_IMPLICIT_RETAIN_SELF = YES;
				CLANG_WARN_OBJC_LITERAL_CONVERSION = YES;
				CLANG_WARN_OBJC_ROOT_CLASS = YES_ERROR;
				CLANG_WARN_QUOTED_INCLUDE_IN_FRAMEWORK_HEADER = YES;
				CLANG_WARN_RANGE_LOOP_ANALYSIS = YES;
				CLANG_WARN_STRICT_PROTOTYPES = YES;
				CLANG_WARN_SUSPICIOUS_MOVE = YES;
				CLANG_WARN_UNGUARDED_AVAILABILITY = YES_AGGRESSIVE;
				CLANG_WARN_UNREACHABLE_CODE = YES;
				CLANG_WARN__DUPLICATE_METHOD_MATCH = YES;
				COPY_PHASE_STRIP = NO;
				DEAD_CODE_STRIPPING = YES;
				DEBUG_INFORMATION_FORMAT = "dwarf-with-dsym";
				ENABLE_NS_ASSERTIONS = NO;
				ENABLE_STRICT_OBJC_MSGSEND = YES;
				ENABLE_USER_SCRIPT_SANDBOXING = YES;
				GCC_C_LANGUAGE_STANDARD = gnu17;
				GCC_NO_COMMON_BLOCKS = YES;
				GCC_WARN_64_TO_32_BIT_CONVERSION = YES;
				GCC_WARN_ABOUT_RETURN_TYPE = YES_ERROR;
				GCC_WARN_UNDECLARED_SELECTOR = YES;
				GCC_WARN_UNINITIALIZED_AUTOS = YES_AGGRESSIVE;
				GCC_WARN_UNUSED_FUNCTION = YES;
				GCC_WARN_UNUSED_VARIABLE = YES;
				LOCALIZATION_PREFERS_STRING_CATALOGS = YES;
				MACOSX_DEPLOYMENT_TARGET = 14.2;
				MTL_ENABLE_DEBUG_INFO = NO;
				MTL_FAST_MATH = YES;
				SDKROOT = macosx;
			};
			name = Release;
		};
		259A33322BBBE46800E7C9FF /* Debug */ = {
			isa = XCBuildConfiguration;
			buildSettings = {
				CODE_SIGN_STYLE = Automatic;
				DEAD_CODE_STRIPPING = YES;
				PRODUCT_NAME = "$(TARGET_NAME)";
			};
			name = Debug;
		};
		259A33332BBBE46800E7C9FF /* Release */ = {
			isa = XCBuildConfiguration;
			buildSettings = {
				CODE_SIGN_STYLE = Automatic;
				DEAD_CODE_STRIPPING = YES;
				PRODUCT_NAME = "$(TARGET_NAME)";
			};
			name = Release;
		};
/* End XCBuildConfiguration section */

/* Begin XCConfigurationList section */
		259A33252BBBE46800E7C9FF /* Build configuration list for PBXProject "data_structures_stl" */ = {
			isa = XCConfigurationList;
			buildConfigurations = (
				259A332F2BBBE46800E7C9FF /* Debug */,
				259A33302BBBE46800E7C9FF /* Release */,
			);
			defaultConfigurationIsVisible = 0;
			defaultConfigurationName = Release;
		};
		259A33312BBBE46800E7C9FF /* Build configuration list for PBXNativeTarget "data_structures_stl" */ = {
			isa = XCConfigurationList;
			buildConfigurations = (
				259A33322BBBE46800E7C9FF /* Debug */,
				259A33332BBBE46800E7C9FF /* Release */,
			);
			defaultConfigurationIsVisible = 0;
			defaultConfigurationName = Release;
		};
/* End XCConfigurationList section */
	};
	rootObject = 259A33222BBBE46800E7C9FF /* Project object */;
}
